
Microsoft Visual Studio Solution File, Format Version 12.00
# Visual Studio Version 17
VisualStudioVersion = 17.12.35514.174 d17.12
MinimumVisualStudioVersion = 10.0.40219.1
Project("{FAE04EC0-301F-11D3-BF4B-00C04F79EFBC}") = "Presentation", "Presentation\Presentation.csproj", "{AEE26D32-F456-4BE5-8A1A-523F81E094C7}"
EndProject
Project("{FAE04EC0-301F-11D3-BF4B-00C04F79EFBC}") = "Data", "Data\Data.csproj", "{BEE6FF39-05E1-47CF-880E-D63F07F54588}"
EndProject
Project("{FAE04EC0-301F-11D3-BF4B-00C04F79EFBC}") = "Business", "Business\Business.csproj", "{7BD83876-BBBD-43FB-A5A8-731C4B3DA4F4}"
EndProject
Global
	GlobalSection(SolutionConfigurationPlatforms) = preSolution
		Debug|Any CPU = Debug|Any CPU
		Release|Any CPU = Release|Any CPU
	EndGlobalSection
	GlobalSection(ProjectConfigurationPlatforms) = postSolution
		{AEE26D32-F456-4BE5-8A1A-523F81E094C7}.Debug|Any CPU.ActiveCfg = Debug|Any CPU
		{AEE26D32-F456-4BE5-8A1A-523F81E094C7}.Debug|Any CPU.Build.0 = Debug|Any CPU
		{AEE26D32-F456-4BE5-8A1A-523F81E094C7}.Release|Any CPU.ActiveCfg = Release|Any CPU
		{AEE26D32-F456-4BE5-8A1A-523F81E094C7}.Release|Any CPU.Build.0 = Release|Any CPU
		{BEE6FF39-05E1-47CF-880E-D63F07F54588}.Debug|Any CPU.ActiveCfg = Debug|Any CPU
		{BEE6FF39-05E1-47CF-880E-D63F07F54588}.Debug|Any CPU.Build.0 = Debug|Any CPU
		{BEE6FF39-05E1-47CF-880E-D63F07F54588}.Release|Any CPU.ActiveCfg = Release|Any CPU
		{BEE6FF39-05E1-47CF-880E-D63F07F54588}.Release|Any CPU.Build.0 = Release|Any CPU
		{7BD83876-BBBD-43FB-A5A8-731C4B3DA4F4}.Debug|Any CPU.ActiveCfg = Debug|Any CPU
		{7BD83876-BBBD-43FB-A5A8-731C4B3DA4F4}.Debug|Any CPU.Build.0 = Debug|Any CPU
		{7BD83876-BBBD-43FB-A5A8-731C4B3DA4F4}.Release|Any CPU.ActiveCfg = Release|Any CPU
		{7BD83876-BBBD-43FB-A5A8-731C4B3DA4F4}.Release|Any CPU.Build.0 = Release|Any CPU
	EndGlobalSection
	GlobalSection(SolutionProperties) = preSolution
		HideSolutionNode = FALSE
	EndGlobalSection
EndGlobal
